
Microsoft Visual Studio Solution File, Format Version 12.00
# Visual Studio Version 16
VisualStudioVersion = 25.0.1705.2
MinimumVisualStudioVersion = 10.0.40219.1
Project("{FAE04EC0-301F-11D3-BF4B-00C04F79EFBC}") = "DadJokes", "DadJokes\DadJokes.csproj", "{4880E1B5-AAF9-4111-ADF4-2D8538F073D7}"
EndProject
Project("{FAE04EC0-301F-11D3-BF4B-00C04F79EFBC}") = "DadJokes.Test", "DadJokes.Test\DadJokes.Test.csproj", "{BA3DCC6B-AF38-475B-9B59-F3DFC94403F5}"
EndProject
Global
	GlobalSection(SolutionConfigurationPlatforms) = preSolution
		Debug|Any CPU = Debug|Any CPU
		Release|Any CPU = Release|Any CPU
	EndGlobalSection
	GlobalSection(ProjectConfigurationPlatforms) = postSolution
		{4880E1B5-AAF9-4111-ADF4-2D8538F073D7}.Debug|Any CPU.ActiveCfg = Debug|Any CPU
		{4880E1B5-AAF9-4111-ADF4-2D8538F073D7}.Debug|Any CPU.Build.0 = Debug|Any CPU
		{4880E1B5-AAF9-4111-ADF4-2D8538F073D7}.Release|Any CPU.ActiveCfg = Release|Any CPU
		{4880E1B5-AAF9-4111-ADF4-2D8538F073D7}.Release|Any CPU.Build.0 = Release|Any CPU
		{BA3DCC6B-AF38-475B-9B59-F3DFC94403F5}.Debug|Any CPU.ActiveCfg = Debug|Any CPU
		{BA3DCC6B-AF38-475B-9B59-F3DFC94403F5}.Debug|Any CPU.Build.0 = Debug|Any CPU
		{BA3DCC6B-AF38-475B-9B59-F3DFC94403F5}.Release|Any CPU.ActiveCfg = Release|Any CPU
		{BA3DCC6B-AF38-475B-9B59-F3DFC94403F5}.Release|Any CPU.Build.0 = Release|Any CPU
	EndGlobalSection
	GlobalSection(SolutionProperties) = preSolution
		HideSolutionNode = FALSE
	EndGlobalSection
	GlobalSection(ExtensibilityGlobals) = postSolution
		SolutionGuid = {423B1C18-E390-40BF-B3BF-EE1E427304C1}
	EndGlobalSection
EndGlobal
